
Microsoft Visual Studio Solution File, Format Version 12.00
# Visual Studio Version 17
VisualStudioVersion = 17.9.34616.47
MinimumVisualStudioVersion = 10.0.40219.1
Project("{FAE04EC0-301F-11D3-BF4B-00C04F79EFBC}") = "Intro", "Intro\Intro.csproj", "{2FFA5106-4641-471E-8206-04F1E1775771}"
EndProject
Global
	GlobalSection(SolutionConfigurationPlatforms) = preSolution
		Debug|Any CPU = Debug|Any CPU
		Release|Any CPU = Release|Any CPU
	EndGlobalSection
	GlobalSection(ProjectConfigurationPlatforms) = postSolution
		{2FFA5106-4641-471E-8206-04F1E1775771}.Debug|Any CPU.ActiveCfg = Debug|Any CPU
		{2FFA5106-4641-471E-8206-04F1E1775771}.Debug|Any CPU.Build.0 = Debug|Any CPU
		{2FFA5106-4641-471E-8206-04F1E1775771}.Release|Any CPU.ActiveCfg = Release|Any CPU
		{2FFA5106-4641-471E-8206-04F1E1775771}.Release|Any CPU.Build.0 = Release|Any CPU
	EndGlobalSection
	GlobalSection(SolutionProperties) = preSolution
		HideSolutionNode = FALSE
	EndGlobalSection
	GlobalSection(ExtensibilityGlobals) = postSolution
		SolutionGuid = {0D4B1158-8B45-465E-A16E-D5042C7A6CF0}
	EndGlobalSection
EndGlobal
